
Microsoft Visual Studio Solution File, Format Version 12.00
# Visual Studio Version 17
VisualStudioVersion = 17.9.34622.214
MinimumVisualStudioVersion = 10.0.40219.1
Project("{9A19103F-16F7-4668-BE54-9A1E7A4F7556}") = "HomeTask-Abstract", "HomeTask-Abstract\HomeTask-Abstract.csproj", "{FA0B1896-6039-422B-8EE1-5FD574AC31A0}"
EndProject
Project("{FAE04EC0-301F-11D3-BF4B-00C04F79EFBC}") = "Task 2", "Task 2\Task 2.csproj", "{0AAA46B9-FB47-4F04-AD87-73084168F0CA}"
EndProject
Global
	GlobalSection(SolutionConfigurationPlatforms) = preSolution
		Debug|Any CPU = Debug|Any CPU
		Release|Any CPU = Release|Any CPU
	EndGlobalSection
	GlobalSection(ProjectConfigurationPlatforms) = postSolution
		{FA0B1896-6039-422B-8EE1-5FD574AC31A0}.Debug|Any CPU.ActiveCfg = Debug|Any CPU
		{FA0B1896-6039-422B-8EE1-5FD574AC31A0}.Debug|Any CPU.Build.0 = Debug|Any CPU
		{FA0B1896-6039-422B-8EE1-5FD574AC31A0}.Release|Any CPU.ActiveCfg = Release|Any CPU
		{FA0B1896-6039-422B-8EE1-5FD574AC31A0}.Release|Any CPU.Build.0 = Release|Any CPU
		{0AAA46B9-FB47-4F04-AD87-73084168F0CA}.Debug|Any CPU.ActiveCfg = Debug|Any CPU
		{0AAA46B9-FB47-4F04-AD87-73084168F0CA}.Debug|Any CPU.Build.0 = Debug|Any CPU
		{0AAA46B9-FB47-4F04-AD87-73084168F0CA}.Release|Any CPU.ActiveCfg = Release|Any CPU
		{0AAA46B9-FB47-4F04-AD87-73084168F0CA}.Release|Any CPU.Build.0 = Release|Any CPU
	EndGlobalSection
	GlobalSection(SolutionProperties) = preSolution
		HideSolutionNode = FALSE
	EndGlobalSection
	GlobalSection(ExtensibilityGlobals) = postSolution
		SolutionGuid = {0CAB3EB0-ABD3-44E8-9C8F-3FE2EE86F7A4}
	EndGlobalSection
EndGlobal
